<?xml version="1.0" encoding="utf-8"?>
<Project ToolsVersion="4.0" xmlns="http://schemas.microsoft.com/developer/msbuild/2003">
  <ItemGroup>
    <Filter Include="Source Files">
      <UniqueIdentifier>{4FC737F1-C7A5-4376-A066-2A32D752A2FF}</UniqueIdentifier>
      <Extensions>cpp;c;cc;cxx;def;odl;idl;hpj;bat;asm;asmx</Extensions>
    </Filter>
    <Filter Include="Header Files">
      <UniqueIdentifier>{93995380-89BD-4b04-88EB-625FBE52EBFB}</UniqueIdentifier>
      <Extensions>h;hh;hpp;hxx;hm;inl;inc;xsd</Extensions>
    </Filter>
    <Filter Include="Resource Files">
      <UniqueIdentifier>{67DA6AB6-F800-4c08-8B7A-83BB121AAD01}</UniqueIdentifier>
      <Extensions>rc;ico;cur;bmp;dlg;rc2;rct;bin;rgs;gif;jpg;jpeg;jpe;resx;tiff;tif;png;wav;mfcribbon-ms</Extensions>
    </Filter>
    <Filter Include="Source Files\Jc">
      <UniqueIdentifier>{2ff53200-c66d-462e-9aef-736ad236e14d}</UniqueIdentifier>
    </Filter>
    <Filter Include="Source Files\Inspc">
      <UniqueIdentifier>{3ec5114b-bc61-4485-a78b-ee60c978e766}</UniqueIdentifier>
    </Filter>
    <Filter Include="Source Files\Ipc">
      <UniqueIdentifier>{df1f45f0-5a2e-483f-ad59-c292ad5c2db4}</UniqueIdentifier>
    </Filter>
    <Filter Include="Source Files\Ipc2c">
      <UniqueIdentifier>{23319c08-971a-49f5-86b9-7f80b9d2ffdc}</UniqueIdentifier>
    </Filter>
    <Filter Include="Source Files\J1c">
      <UniqueIdentifier>{22ac362b-6b9d-4525-9384-8eb2dba5a67f}</UniqueIdentifier>
    </Filter>
    <Filter Include="Source Files\Applstdef_Cpp">
      <UniqueIdentifier>{157f7548-a3c3-4e6c-9821-8985b829c594}</UniqueIdentifier>
    </Filter>
    <Filter Include="Source Files\emC">
      <UniqueIdentifier>{5c480c80-132c-4b71-a3e2-ca6423c4c164}</UniqueIdentifier>
    </Filter>
    <Filter Include="Source Files\ApplSpec">
      <UniqueIdentifier>{1dcbe505-1fc0-4c5d-8729-fb031e6b1d0f}</UniqueIdentifier>
    </Filter>
    <Filter Include="Source Files\OS_Windows">
      <UniqueIdentifier>{53fc04e0-905e-4795-ae02-359d0260b8d1}</UniqueIdentifier>
    </Filter>
    <Filter Include="Source Files\Inspc\FB">
      <UniqueIdentifier>{9328f503-c4d9-44f2-8117-6f59b0f15041}</UniqueIdentifier>
    </Filter>
    <Filter Include="Source Files\InspcTargetSimple">
      <UniqueIdentifier>{bb912a20-68e7-4538-b681-618a426f82fd}</UniqueIdentifier>
    </Filter>
    <Filter Include="Source Files\Inspc\Inspc2c">
      <UniqueIdentifier>{5ba2328d-0e61-4369-ad76-0cdb5488d4eb}</UniqueIdentifier>
    </Filter>
  </ItemGroup>
  <ItemGroup>
    <Text Include="ReadMe.txt" />
  </ItemGroup>
  <ItemGroup>
    <ClCompile Include="..\..\..\emC\Base\Event_emC.c">
      <Filter>Source Files\emC</Filter>
    </ClCompile>
    <ClCompile Include="..\..\..\emC\Base\Formatter_emC.c">
      <Filter>Source Files\emC</Filter>
    </ClCompile>
    <ClCompile Include="..\..\..\emC\Base\LogMessage_emC.c">
      <Filter>Source Files\emC</Filter>
    </ClCompile>
    <ClCompile Include="..\..\..\emC\Base\LogMsgStream_emC.c">
      <Filter>Source Files\emC</Filter>
    </ClCompile>
    <ClCompile Include="..\..\..\emC\Base\MemC_emC.c">
      <Filter>Source Files\emC</Filter>
    </ClCompile>
    <ClCompile Include="..\..\..\emC\Base\Memfree_ThreadAndBlockHeap.c">
      <Filter>Source Files\emC</Filter>
    </ClCompile>
    <ClCompile Include="..\..\..\emC\Base\Object_emC.c">
      <Filter>Source Files\emC</Filter>
    </ClCompile>
    <ClCompile Include="..\..\..\emC\Base\Readline_emC.c">
      <Filter>Source Files\emC</Filter>
    </ClCompile>
    <ClCompile Include="..\..\..\emC\Base\Reflection_emC.c">
      <Filter>Source Files\emC</Filter>
    </ClCompile>
    <ClCompile Include="..\..\..\emC\Base\ReflectionBaseTypes_emC.c">
      <Filter>Source Files\emC</Filter>
    </ClCompile>
    <ClCompile Include="..\..\..\emC\Base\SimpleC_emC.c">
      <Filter>Source Files\emC</Filter>
    </ClCompile>
    <ClCompile Include="..\..\..\emC\Base\String_emC.c">
      <Filter>Source Files\emC</Filter>
    </ClCompile>
    <ClCompile Include="..\..\..\emC\Base\StringBase_emC.c">
      <Filter>Source Files\emC</Filter>
    </ClCompile>
    <ClCompile Include="..\..\..\emC\Base\StringBuilder_emC.c">
      <Filter>Source Files\emC</Filter>
    </ClCompile>
    <ClCompile Include="..\..\..\emC\Base\Time_emC.c">
      <Filter>Source Files\emC</Filter>
    </ClCompile>
    <ClCompile Include="..\..\..\emC\Base\Timeconversions_emC.c">
      <Filter>Source Files\emC</Filter>
    </ClCompile>
    <ClCompile Include="..\..\..\emC\Base\VaArgBuffer_emC.c">
      <Filter>Source Files\emC</Filter>
    </ClCompile>
    <ClCompile Include="..\..\..\emC\Jc\ArraysJc.c">
      <Filter>Source Files\Jc</Filter>
    </ClCompile>
    <ClCompile Include="..\..\..\emC\Jc\AssertJc.c">
      <Filter>Source Files\Jc</Filter>
    </ClCompile>
    <ClCompile Include="..\..\..\emC\Jc\CharsetJc.c">
      <Filter>Source Files\Jc</Filter>
    </ClCompile>
    <ClCompile Include="..\..\..\emC\Jc\ConcurrentLinkedQueueJc.c">
      <Filter>Source Files\Jc</Filter>
    </ClCompile>
    <ClCompile Include="..\..\..\emC\Jc\DateJc.c">
      <Filter>Source Files\Jc</Filter>
    </ClCompile>
    <ClCompile Include="..\..\..\emC\Jc\FileIoJc.c">
      <Filter>Source Files\Jc</Filter>
    </ClCompile>
    <ClCompile Include="..\..\..\emC\Jc\FileSystemJc.c">
      <Filter>Source Files\Jc</Filter>
    </ClCompile>
    <ClCompile Include="..\..\..\emC\Jc\FormatterJc.c">
      <Filter>Source Files\Jc</Filter>
    </ClCompile>
    <ClCompile Include="..\..\..\emC\Jc\LinkedListJc.c">
      <Filter>Source Files\Jc</Filter>
    </ClCompile>
    <ClCompile Include="..\..\..\emC\Jc\LocaleJc.c">
      <Filter>Source Files\Jc</Filter>
    </ClCompile>
    <ClCompile Include="..\..\..\emC\Jc\MathJc.c">
      <Filter>Source Files\Jc</Filter>
    </ClCompile>
    <ClCompile Include="..\..\..\emC\Jc\ObjectJc.c">
      <Filter>Source Files\Jc</Filter>
    </ClCompile>
    <ClCompile Include="..\..\..\emC\Jc\OsWrapperJc.c">
      <Filter>Source Files\Jc</Filter>
    </ClCompile>
    <ClCompile Include="..\..\..\emC\Jc\PrintStreamJc.c">
      <Filter>Source Files\Jc</Filter>
    </ClCompile>
    <ClCompile Include="..\..\..\emC\Jc\ReflectionBasetypesJc.c">
      <Filter>Source Files\Jc</Filter>
    </ClCompile>
    <ClCompile Include="..\..\..\emC\Jc\ReflectionJc.c">
      <Filter>Source Files\Jc</Filter>
    </ClCompile>
    <ClCompile Include="..\..\..\emC\Jc\ReflectionLoadExtJc.c">
      <Filter>Source Files\Jc</Filter>
    </ClCompile>
    <ClCompile Include="..\..\..\emC\Jc\ReflMemAccessJc.c">
      <Filter>Source Files\Jc</Filter>
    </ClCompile>
    <ClCompile Include="..\..\..\emC\Jc\StringBufferJc.c">
      <Filter>Source Files\Jc</Filter>
    </ClCompile>
    <ClCompile Include="..\..\..\emC\Jc\StringJc.c">
      <Filter>Source Files\Jc</Filter>
    </ClCompile>
    <ClCompile Include="..\..\..\emC\Jc\StringValueConvJc.c">
      <Filter>Source Files\Jc</Filter>
    </ClCompile>
    <ClCompile Include="..\..\..\emC\Jc\SystemJc.c">
      <Filter>Source Files\Jc</Filter>
    </ClCompile>
    <ClCompile Include="..\..\..\emC\Jc\SystemOutJc.c">
      <Filter>Source Files\Jc</Filter>
    </ClCompile>
    <ClCompile Include="..\..\..\emC\Jc\ThreadJc.c">
      <Filter>Source Files\Jc</Filter>
    </ClCompile>
    <ClCompile Include="..\..\..\emC\Jc\TimeZoneJc.c">
      <Filter>Source Files\Jc</Filter>
    </ClCompile>
    <ClCompile Include="..\..\..\emC\Ipc\InterProcessComm.c">
      <Filter>Source Files\Ipc</Filter>
    </ClCompile>
    <ClCompile Include="..\..\..\emC\Ipc\InterProcessCommSharedMem.c">
      <Filter>Source Files\Ipc</Filter>
    </ClCompile>
    <ClCompile Include="..\..\..\emC\Ipc\InterProcessCommSocket.c">
      <Filter>Source Files\Ipc</Filter>
    </ClCompile>
    <ClCompile Include="..\..\..\emC\Ipc2c\InterProcessCommFactorySocket_Ipc.c">
      <Filter>Source Files\Ipc2c</Filter>
    </ClCompile>
    <ClCompile Include="..\..\..\emC\Ipc2c\InterProcessCommRx_ifc_Ipc.c">
      <Filter>Source Files\Ipc2c</Filter>
    </ClCompile>
    <ClCompile Include="..\..\..\emC\Ipc2c\InterProcessCommRxExec_Ipc.c">
      <Filter>Source Files\Ipc2c</Filter>
    </ClCompile>
    <ClCompile Include="..\..\..\emC\Ipc2c\InterProcessCommRxThread_Ipc.c">
      <Filter>Source Files\Ipc2c</Filter>
    </ClCompile>
    <ClCompile Include="..\..\..\emC\J1c\ByteDataAccessBaseJc.c">
      <Filter>Source Files\J1c</Filter>
    </ClCompile>
    <ClCompile Include="..\..\..\emC\J1c\InfoFormattedAppendJc.c">
      <Filter>Source Files\J1c</Filter>
    </ClCompile>
    <ClCompile Include="..\..\..\emC\J1c\LeapSecondsJc.c">
      <Filter>Source Files\J1c</Filter>
    </ClCompile>
    <ClCompile Include="..\..\..\emC\J1c\SpecialCharStringsJc.c">
      <Filter>Source Files\J1c</Filter>
    </ClCompile>
    <ClCompile Include="..\..\..\emC\J1c\StringFormatterJc.c">
      <Filter>Source Files\J1c</Filter>
    </ClCompile>
    <ClCompile Include="..\..\..\emC\J1c\StringFunctions_BJc.c">
      <Filter>Source Files\J1c</Filter>
    </ClCompile>
    <ClCompile Include="..\..\..\emC\J1c\StringFunctions_CJc.c">
      <Filter>Source Files\J1c</Filter>
    </ClCompile>
    <ClCompile Include="..\..\..\emC\J1c\StringFunctionsJc.c">
      <Filter>Source Files\J1c</Filter>
    </ClCompile>
    <ClCompile Include="..\..\..\emC\J1c\StringPartJc.c">
      <Filter>Source Files\J1c</Filter>
    </ClCompile>
    <ClCompile Include="..\..\..\emC\J1c\StringPartScanJc.c">
      <Filter>Source Files\J1c</Filter>
    </ClCompile>
    <ClCompile Include="..\..\..\emC\Base\Handle_ptr64_emC.c">
      <Filter>Source Files\emC</Filter>
    </ClCompile>
    <ClCompile Include="..\..\..\emC_srcApplSpec\applConv\Exception_emC.c">
      <Filter>Source Files\ApplSpec</Filter>
    </ClCompile>
    <ClCompile Include="..\..\..\emC_srcOSALspec\osal_Windows\os_mem.c">
      <Filter>Source Files\OS_Windows</Filter>
    </ClCompile>
    <ClCompile Include="..\..\..\emC_srcOSALspec\osal_Windows\os_mutex.c">
      <Filter>Source Files\OS_Windows</Filter>
    </ClCompile>
    <ClCompile Include="..\..\..\emC_srcOSALspec\osal_Windows\os_sharedmem.c">
      <Filter>Source Files\OS_Windows</Filter>
    </ClCompile>
    <ClCompile Include="..\..\..\emC_srcOSALspec\osal_Windows\os_socket.c">
      <Filter>Source Files\OS_Windows</Filter>
    </ClCompile>
    <ClCompile Include="..\..\..\emC_srcOSALspec\osal_Windows\os_sync.c">
      <Filter>Source Files\OS_Windows</Filter>
    </ClCompile>
    <ClCompile Include="..\..\..\emC_srcOSALspec\osal_Windows\os_thread.c">
      <Filter>Source Files\OS_Windows</Filter>
    </ClCompile>
    <ClCompile Include="..\..\..\emC_srcOSALspec\osal_Windows_Msc15\os_error.c">
      <Filter>Source Files\OS_Windows</Filter>
    </ClCompile>
    <ClCompile Include="..\..\..\emC_srcOSALspec\osal_Windows_Msc15\os_fileLock.c">
      <Filter>Source Files\OS_Windows</Filter>
    </ClCompile>
    <ClCompile Include="..\..\..\emC_srcOSALspec\osal_Windows_Msc15\os_fileWin15.c">
      <Filter>Source Files\OS_Windows</Filter>
    </ClCompile>
    <ClCompile Include="..\..\..\emC_srcApplSpec\applConv\ThreadContextUserBuffer_emC.c">
      <Filter>Source Files\ApplSpec</Filter>
    </ClCompile>
    <ClCompile Include="..\..\..\emC\Base\Object_RAMclass_emC.c">
      <Filter>Source Files\emC</Filter>
    </ClCompile>
    <ClCompile Include="..\..\..\emC_srcOSALspec\osal_Windows\os_keyboard.c">
      <Filter>Source Files\OS_Windows</Filter>
    </ClCompile>
    <ClCompile Include="..\..\..\emC_srcOSALspec\osal_Windows\os_time.c">
      <Filter>Source Files\OS_Windows</Filter>
    </ClCompile>
    <ClCompile Include="..\..\..\emC\Base\Assert_emC.c">
      <Filter>Source Files\emC</Filter>
    </ClCompile>
    <ClCompile Include="..\..\..\emC\Inspc\CheckPwd_MinDefault_Inspc.c">
      <Filter>Source Files\Inspc</Filter>
    </ClCompile>
    <ClCompile Include="..\..\..\emC\Inspc\DataNode_Inspc.c">
      <Filter>Source Files\Inspc</Filter>
    </ClCompile>
    <ClCompile Include="..\..\..\emC\Inspc\Service_Inspc.c">
      <Filter>Source Files\Inspc</Filter>
    </ClCompile>
    <ClCompile Include="..\..\..\emC\Inspc\J2c\AnswerComm_ifc_Inspc.c">
      <Filter>Source Files\Inspc\Inspc2c</Filter>
    </ClCompile>
    <ClCompile Include="..\..\..\emC\Inspc\J2c\ClassContent_Inspc.c">
      <Filter>Source Files\Inspc\Inspc2c</Filter>
    </ClCompile>
    <ClCompile Include="..\..\..\emC\Inspc\J2c\CmdConsumer_ifc_Inspc.c">
      <Filter>Source Files\Inspc\Inspc2c</Filter>
    </ClCompile>
    <ClCompile Include="..\..\..\emC\Inspc\J2c\CmdExecuter_Inspc.c">
      <Filter>Source Files\Inspc\Inspc2c</Filter>
    </ClCompile>
    <ClCompile Include="..\..\..\emC\Inspc\J2c\Comm_Inspc.c">
      <Filter>Source Files\Inspc\Inspc2c</Filter>
    </ClCompile>
    <ClCompile Include="..\..\..\emC\Inspc\J2c\InspcDataExchangeAccess_Inspc.c">
      <Filter>Source Files\Inspc\Inspc2c</Filter>
    </ClCompile>
    <ClCompile Include="..\..\..\emC\Inspc\J2c\InspcDataInfo_Inspc.c">
      <Filter>Source Files\Inspc\Inspc2c</Filter>
    </ClCompile>
    <ClCompile Include="..\..\..\emC\Inspc\J2c\Inspector_Inspc.c">
      <Filter>Source Files\Inspc\Inspc2c</Filter>
    </ClCompile>
    <ClCompile Include="..\..\..\emC\Inspc\J2c\SearchElement_Inspc.c">
      <Filter>Source Files\Inspc\Inspc2c</Filter>
    </ClCompile>
    <ClCompile Include="..\..\..\emC\Inspc\J2c\WorkingThread_Inspc.c">
      <Filter>Source Files\Inspc\Inspc2c</Filter>
    </ClCompile>
    <ClCompile Include="..\..\..\emC\Inspc\FB\Access_DataStruct_Inspc.c">
      <Filter>Source Files\Inspc\FB</Filter>
    </ClCompile>
    <ClCompile Include="..\..\..\emC\Inspc\FB\DataStruct_FB_Inspc.c">
      <Filter>Source Files\Inspc\FB</Filter>
    </ClCompile>
    <ClCompile Include="..\..\..\emC\Inspc\FB\DataStruct_Inspc.cpp">
      <Filter>Source Files\Inspc\FB</Filter>
    </ClCompile>
    <ClCompile Include="..\..\..\emC\Inspc\FB\DataStructBase_Inspc.c">
      <Filter>Source Files\Inspc\FB</Filter>
    </ClCompile>
    <ClCompile Include="..\..\..\emC\Inspc\FB\GetValue_Inspc.c">
      <Filter>Source Files\Inspc\FB</Filter>
    </ClCompile>
    <ClCompile Include="..\..\..\emC\Inspc\FB\TimeSignals_Inspc.c">
      <Filter>Source Files\Inspc\FB</Filter>
    </ClCompile>
    <ClCompile Include="..\..\..\emC\Inspc\FB\Wait_Inspc.c">
      <Filter>Source Files\Inspc\FB</Filter>
    </ClCompile>
    <ClCompile Include="..\..\..\emC\InspcTargetSimple\SharedMem2Target_Inspc.c">
      <Filter>Source Files\InspcTargetSimple</Filter>
    </ClCompile>
    <ClCompile Include="..\..\..\emC\InspcTargetSimple\Target2Proxy_Inspc.c">
      <Filter>Source Files\InspcTargetSimple</Filter>
    </ClCompile>
    <ClCompile Include="..\..\..\emC\InspcTargetSimple\Target2ProxySharedMem_Inspc.c">
      <Filter>Source Files\InspcTargetSimple</Filter>
    </ClCompile>
  </ItemGroup>
  <ItemGroup>
    <ClInclude Include="..\..\..\emC\Base\Event_emC.h">
      <Filter>Source Files\emC</Filter>
    </ClInclude>
    <ClInclude Include="..\..\..\emC\Base\Formatter_emC.h">
      <Filter>Source Files\emC</Filter>
    </ClInclude>
    <ClInclude Include="..\..\..\emC\Base\LogMessage_emC.h">
      <Filter>Source Files\emC</Filter>
    </ClInclude>
    <ClInclude Include="..\..\..\emC\Base\MemC_emC.h">
      <Filter>Source Files\emC</Filter>
    </ClInclude>
    <ClInclude Include="..\..\..\emC\Base\Object_emC.h">
      <Filter>Source Files\emC</Filter>
    </ClInclude>
    <ClInclude Include="..\..\..\emC\Base\Readline_emC.h">
      <Filter>Source Files\emC</Filter>
    </ClInclude>
    <ClInclude Include="..\..\..\emC\Base\SimpleC_emC.h">
      <Filter>Source Files\emC</Filter>
    </ClInclude>
    <ClInclude Include="..\..\..\emC\Base\Simulink_emC.h">
      <Filter>Source Files\emC</Filter>
    </ClInclude>
    <ClInclude Include="..\..\..\emC\Base\StateMachine_emC.h">
      <Filter>Source Files\emC</Filter>
    </ClInclude>
    <ClInclude Include="..\..\..\emC\Base\String_emC.h">
      <Filter>Source Files\emC</Filter>
    </ClInclude>
    <ClInclude Include="..\..\..\emC\Base\Time_emC.h">
      <Filter>Source Files\emC</Filter>
    </ClInclude>
    <ClInclude Include="..\..\..\emC\Base\Timeconversions_emC.h">
      <Filter>Source Files\emC</Filter>
    </ClInclude>
    <ClInclude Include="..\..\..\emC\Base\Va_list_emC.h">
      <Filter>Source Files\emC</Filter>
    </ClInclude>
    <ClInclude Include="..\..\..\emC\Base\VaArgBuffer_emC.h">
      <Filter>Source Files\emC</Filter>
    </ClInclude>
    <ClInclude Include="..\..\..\emC\Jc\AbstractListJc.h">
      <Filter>Source Files\Jc</Filter>
    </ClInclude>
    <ClInclude Include="..\..\..\emC\Jc\ArraysJc.h">
      <Filter>Source Files\Jc</Filter>
    </ClInclude>
    <ClInclude Include="..\..\..\emC\Jc\AssertJc.h">
      <Filter>Source Files\Jc</Filter>
    </ClInclude>
    <ClInclude Include="..\..\..\emC\Jc\CharsetJc.h">
      <Filter>Source Files\Jc</Filter>
    </ClInclude>
    <ClInclude Include="..\..\..\emC\Jc\ComparatorJc.h">
      <Filter>Source Files\Jc</Filter>
    </ClInclude>
    <ClInclude Include="..\..\..\emC\Jc\ConcurrentLinkedQueueJc.h">
      <Filter>Source Files\Jc</Filter>
    </ClInclude>
    <ClInclude Include="..\..\..\emC\Jc\DateJc.h">
      <Filter>Source Files\Jc</Filter>
    </ClInclude>
    <ClInclude Include="..\..\..\emC\Jc\FileIoJc.h">
      <Filter>Source Files\Jc</Filter>
    </ClInclude>
    <ClInclude Include="..\..\..\emC\Jc\FileSystemJc.h">
      <Filter>Source Files\Jc</Filter>
    </ClInclude>
    <ClInclude Include="..\..\..\emC\Jc\FormatterJc.h">
      <Filter>Source Files\Jc</Filter>
    </ClInclude>
    <ClInclude Include="..\..\..\emC\Jc\LinkedListJc.h">
      <Filter>Source Files\Jc</Filter>
    </ClInclude>
    <ClInclude Include="..\..\..\emC\Jc\ListIteratorJc.h">
      <Filter>Source Files\Jc</Filter>
    </ClInclude>
    <ClInclude Include="..\..\..\emC\Jc\ListJc.h">
      <Filter>Source Files\Jc</Filter>
    </ClInclude>
    <ClInclude Include="..\..\..\emC\Jc\ListMapEntryJc.h">
      <Filter>Source Files\Jc</Filter>
    </ClInclude>
    <ClInclude Include="..\..\..\emC\Jc\LocaleJc.h">
      <Filter>Source Files\Jc</Filter>
    </ClInclude>
    <ClInclude Include="..\..\..\emC\Jc\MathJc.h">
      <Filter>Source Files\Jc</Filter>
    </ClInclude>
    <ClInclude Include="..\..\..\emC\Jc\ObjectJc.h">
      <Filter>Source Files\Jc</Filter>
    </ClInclude>
    <ClInclude Include="..\..\..\emC\Jc\ObjectRefJc.h">
      <Filter>Source Files\Jc</Filter>
    </ClInclude>
    <ClInclude Include="..\..\..\emC\Jc\OsWrapperJc.h">
      <Filter>Source Files\Jc</Filter>
    </ClInclude>
    <ClInclude Include="..\..\..\emC\Jc\PrintStreamJc.h">
      <Filter>Source Files\Jc</Filter>
    </ClInclude>
    <ClInclude Include="..\..\..\emC\Jc\ReflectionJc.h">
      <Filter>Source Files\Jc</Filter>
    </ClInclude>
    <ClInclude Include="..\..\..\emC\Jc\ReflMemAccessJc.h">
      <Filter>Source Files\Jc</Filter>
    </ClInclude>
    <ClInclude Include="..\..\..\emC\Jc\StringBufferJc.h">
      <Filter>Source Files\Jc</Filter>
    </ClInclude>
    <ClInclude Include="..\..\..\emC\Jc\StringJc.h">
      <Filter>Source Files\Jc</Filter>
    </ClInclude>
    <ClInclude Include="..\..\..\emC\Jc\StringJc_intern.h">
      <Filter>Source Files\Jc</Filter>
    </ClInclude>
    <ClInclude Include="..\..\..\emC\Jc\SystemJc.h">
      <Filter>Source Files\Jc</Filter>
    </ClInclude>
    <ClInclude Include="..\..\..\emC\Jc\ThreadJc.h">
      <Filter>Source Files\Jc</Filter>
    </ClInclude>
    <ClInclude Include="..\..\..\emC\Jc\TimeZoneJc.h">
      <Filter>Source Files\Jc</Filter>
    </ClInclude>
    <ClInclude Include="..\..\..\emC\Ipc\InterProcessComm.h">
      <Filter>Source Files\Ipc</Filter>
    </ClInclude>
    <ClInclude Include="..\..\..\emC\Ipc\InterProcessCommSocket.h">
      <Filter>Source Files\Ipc</Filter>
    </ClInclude>
    <ClInclude Include="..\..\..\emC\Ipc2c\InterProcessCommFactorySocket_Ipc.h">
      <Filter>Source Files\Ipc2c</Filter>
    </ClInclude>
    <ClInclude Include="..\..\..\emC\Ipc2c\InterProcessCommRx_ifc_Ipc.h">
      <Filter>Source Files\Ipc2c</Filter>
    </ClInclude>
    <ClInclude Include="..\..\..\emC\Ipc2c\InterProcessCommRxExec_Ipc.h">
      <Filter>Source Files\Ipc2c</Filter>
    </ClInclude>
    <ClInclude Include="..\..\..\emC\Ipc2c\InterProcessCommRxThread_Ipc.h">
      <Filter>Source Files\Ipc2c</Filter>
    </ClInclude>
    <ClInclude Include="..\..\..\emC\J1c\ByteDataAccessBaseJc.h">
      <Filter>Source Files\J1c</Filter>
    </ClInclude>
    <ClInclude Include="..\..\..\emC\J1c\InfoFormattedAppendJc.h">
      <Filter>Source Files\J1c</Filter>
    </ClInclude>
    <ClInclude Include="..\..\..\emC\J1c\LeapSecondsJc.h">
      <Filter>Source Files\J1c</Filter>
    </ClInclude>
    <ClInclude Include="..\..\..\emC\J1c\SpecialCharStringsJc.h">
      <Filter>Source Files\J1c</Filter>
    </ClInclude>
    <ClInclude Include="..\..\..\emC\J1c\StringFormatterJc.h">
      <Filter>Source Files\J1c</Filter>
    </ClInclude>
    <ClInclude Include="..\..\..\emC\J1c\StringFunctions_BJc.h">
      <Filter>Source Files\J1c</Filter>
    </ClInclude>
    <ClInclude Include="..\..\..\emC\J1c\StringFunctions_CJc.h">
      <Filter>Source Files\J1c</Filter>
    </ClInclude>
    <ClInclude Include="..\..\..\emC\J1c\StringFunctionsJc.h">
      <Filter>Source Files\J1c</Filter>
    </ClInclude>
    <ClInclude Include="..\..\..\emC\J1c\StringPartJc.h">
      <Filter>Source Files\J1c</Filter>
    </ClInclude>
    <ClInclude Include="..\..\..\emC\J1c\StringPartScanJc.h">
      <Filter>Source Files\J1c</Filter>
    </ClInclude>
    <ClInclude Include="..\..\..\emC_inclApplSpec\applCpp32_emC\applstdef_emC.h">
      <Filter>Source Files\Applstdef_Cpp</Filter>
    </ClInclude>
    <ClInclude Include="..\..\..\emC\Base\Handle_ptr64_emC.h">
      <Filter>Source Files\emC</Filter>
    </ClInclude>
    <ClInclude Include="..\..\..\emC_srcApplSpec\applConv\Exception_emC.h">
      <Filter>Source Files\ApplSpec</Filter>
    </ClInclude>
    <ClInclude Include="..\..\..\emC_srcApplSpec\applConv\ThreadContextStacktrc_emC.h">
      <Filter>Source Files\ApplSpec</Filter>
    </ClInclude>
    <ClInclude Include="..\..\..\emC\Base\MemC_old_emC.h">
      <Filter>Header Files</Filter>
    </ClInclude>
    <ClInclude Include="..\..\..\emC\Base\Assert_emC.h">
      <Filter>Source Files\emC</Filter>
    </ClInclude>
    <ClInclude Include="..\..\..\emC\Base\os_types_def_common.h">
      <Filter>Source Files\emC</Filter>
    </ClInclude>
    <ClInclude Include="..\..\..\emC\Inspc\CheckPwd_Inspc.h">
      <Filter>Source Files\Inspc</Filter>
    </ClInclude>
    <ClInclude Include="..\..\..\emC\Inspc\DataNode_Inspc.h">
      <Filter>Source Files\Inspc</Filter>
    </ClInclude>
    <ClInclude Include="..\..\..\emC\Inspc\InspcTargetTelg.h">
      <Filter>Source Files\Inspc</Filter>
    </ClInclude>
    <ClInclude Include="..\..\..\emC\Inspc\Service_Inspc.h">
      <Filter>Source Files\Inspc</Filter>
    </ClInclude>
    <ClInclude Include="..\..\..\emC\Inspc\J2c\AnswerComm_ifc_Inspc.h">
      <Filter>Source Files\Inspc\Inspc2c</Filter>
    </ClInclude>
    <ClInclude Include="..\..\..\emC\Inspc\J2c\ClassContent_Inspc.h">
      <Filter>Source Files\Inspc\Inspc2c</Filter>
    </ClInclude>
    <ClInclude Include="..\..\..\emC\Inspc\J2c\CmdConsumer_ifc_Inspc.h">
      <Filter>Source Files\Inspc\Inspc2c</Filter>
    </ClInclude>
    <ClInclude Include="..\..\..\emC\Inspc\J2c\CmdExecuter_Inspc.h">
      <Filter>Source Files\Inspc\Inspc2c</Filter>
    </ClInclude>
    <ClInclude Include="..\..\..\emC\Inspc\J2c\Comm_Inspc.h">
      <Filter>Source Files\Inspc\Inspc2c</Filter>
    </ClInclude>
    <ClInclude Include="..\..\..\emC\Inspc\J2c\ExampleInspector_Inspc.h">
      <Filter>Source Files\Inspc\Inspc2c</Filter>
    </ClInclude>
    <ClInclude Include="..\..\..\emC\Inspc\J2c\InspcDataExchangeAccess_Inspc.h">
      <Filter>Source Files\Inspc\Inspc2c</Filter>
    </ClInclude>
    <ClInclude Include="..\..\..\emC\Inspc\J2c\InspcDataInfo_Inspc.h">
      <Filter>Source Files\Inspc\Inspc2c</Filter>
    </ClInclude>
    <ClInclude Include="..\..\..\emC\Inspc\J2c\Inspector_Inspc.h">
      <Filter>Source Files\Inspc\Inspc2c</Filter>
    </ClInclude>
    <ClInclude Include="..\..\..\emC\Inspc\J2c\SearchElement_Inspc.h">
      <Filter>Source Files\Inspc\Inspc2c</Filter>
    </ClInclude>
    <ClInclude Include="..\..\..\emC\Inspc\J2c\WorkingThread_Inspc.h">
      <Filter>Source Files\Inspc\Inspc2c</Filter>
    </ClInclude>
    <ClInclude Include="..\..\..\emC\Inspc\FB\Access_DataStruct_Inspc.h">
      <Filter>Source Files\Inspc\FB</Filter>
    </ClInclude>
    <ClInclude Include="..\..\..\emC\Inspc\FB\DataStruct_FB_Inspc.h">
      <Filter>Source Files\Inspc\FB</Filter>
    </ClInclude>
    <ClInclude Include="..\..\..\emC\Inspc\FB\DataStruct_Inspc.h">
      <Filter>Source Files\Inspc\FB</Filter>
    </ClInclude>
    <ClInclude Include="..\..\..\emC\Inspc\FB\DataStructBase_Inspc.h">
      <Filter>Source Files\Inspc\FB</Filter>
    </ClInclude>
    <ClInclude Include="..\..\..\emC\Inspc\FB\GetValue_Inspc.h">
      <Filter>Source Files\Inspc\FB</Filter>
    </ClInclude>
    <ClInclude Include="..\..\..\emC\Inspc\FB\TimeSignals_Inspc.h">
      <Filter>Source Files\Inspc\FB</Filter>
    </ClInclude>
    <ClInclude Include="..\..\..\emC\Inspc\FB\Wait_Inspc.h">
      <Filter>Source Files\Inspc\FB</Filter>
    </ClInclude>
    <ClInclude Include="..\..\..\emC\InspcTargetSimple\IfcTargetProxy_Inspc.h">
      <Filter>Source Files\InspcTargetSimple</Filter>
    </ClInclude>
    <ClInclude Include="..\..\..\emC\InspcTargetSimple\SharedMem2Target_Inspc.h">
      <Filter>Source Files\InspcTargetSimple</Filter>
    </ClInclude>
    <ClInclude Include="..\..\..\emC\InspcTargetSimple\Target2Proxy_Inspc.h">
      <Filter>Source Files\InspcTargetSimple</Filter>
    </ClInclude>
    <ClInclude Include="..\..\..\emC\InspcTargetSimple\Target2ProxySharedMem_Inspc.h">
      <Filter>Source Files\InspcTargetSimple</Filter>
    </ClInclude>
  </ItemGroup>
  <ItemGroup>
    <None Include="..\..\..\emC\Inspc\J2c\ExampleInspector_Inspc.cxxx">
      <Filter>Source Files\Inspc\Inspc2c</Filter>
    </None>
  </ItemGroup>
</Project>